// !$*UTF8*$!
{
	archiveVersion = 1;
	classes = {
	};
	objectVersion = 54;
	objects = {

/* Begin PBXBuildFile section */
		B3000001149A0B2B00000001 /* AppDelegate.swift in Sources */ = {isa = PBXBuildFile; fileRef = B4000001149A0B2B00000001 /* AppDelegate.swift */; };
		B3000001149A0B2B00000002 /* Assets.xcassets in Resources */ = {isa = PBXBuildFile; fileRef = B5000001149A0B2B00000002 /* Assets.xcassets */; };
		B3000001149A0B2B00000003 /* index.html in Resources */ = {isa = PBXBuildFile; fileRef = B6000001149A0B2B00000001 /* index.html */; };
		B3000001149A0B2B00000004 /* style.css in Resources */ = {isa = PBXBuildFile; fileRef = B7000001149A0B2B00000001 /* style.css */; };
		B3000001149A0B2B00000005 /* sw.js in Resources */ = {isa = PBXBuildFile; fileRef = B8000001149A0B2B00000001 /* sw.js */; };
		D1000001149A0B2B00000001 /* app.js in Resources */ = {isa = PBXBuildFile; fileRef = D2000001149A0B2B00000001 /* app.js */; };
		D1000002149A0B2B00000001 /* calendar.js in Resources */ = {isa = PBXBuildFile; fileRef = D2000002149A0B2B00000001 /* calendar.js */; };
		D1000003149A0B2B00000001 /* db.js in Resources */ = {isa = PBXBuildFile; fileRef = D2000003149A0B2B00000001 /* db.js */; };
		D1000004149A0B2B00000001 /* notify.js in Resources */ = {isa = PBXBuildFile; fileRef = D2000004149A0B2B00000001 /* notify.js */; };
		D1000005149A0B2B00000001 /* utils.js in Resources */ = {isa = PBXBuildFile; fileRef = D2000005149A0B2B00000001 /* utils.js */; };
		D1000006149A0B2B00000001 /* bundle.js in Resources */ = {isa = PBXBuildFile; fileRef = D2000006149A0B2B00000001 /* bundle.js */; };
		E1000001149A0B2B00000001 /* standalone.html in Resources */ = {isa = PBXBuildFile; fileRef = E2000001149A0B2B00000001 /* standalone.html */; };
/* End PBXBuildFile section */

/* Begin PBXFileReference section */
		B1000001149A0B2B00000001 /* Memoday.app */ = {isa = PBXFileReference; explicitFileType = wrapper.application; includeInIndex = 0; path = Memoday.app; sourceTree = BUILT_PRODUCTS_DIR; };
		B4000001149A0B2B00000001 /* AppDelegate.swift */ = {isa = PBXFileReference; lastKnownFileType = sourcecode.swift; path = AppDelegate.swift; sourceTree = "<group>"; };
		B4500001149A0B2B00000001 /* Info.plist */ = {isa = PBXFileReference; lastKnownFileType = text.plist.xml; path = Info.plist; sourceTree = "<group>"; };
		B5000001149A0B2B00000002 /* Assets.xcassets */ = {isa = PBXFileReference; lastKnownFileType = folder.assetcatalog; path = Assets.xcassets; sourceTree = "<group>"; };
		B6000001149A0B2B00000001 /* index.html */ = {isa = PBXFileReference; fileEncoding = 4; lastKnownFileType = text.html; path = index.html; sourceTree = "<group>"; };
		B7000001149A0B2B00000001 /* style.css */ = {isa = PBXFileReference; fileEncoding = 4; lastKnownFileType = text.css; path = style.css; sourceTree = "<group>"; };
		B8000001149A0B2B00000001 /* sw.js */ = {isa = PBXFileReference; fileEncoding = 4; lastKnownFileType = sourcecode.javascript; path = sw.js; sourceTree = "<group>"; };
		D2000001149A0B2B00000001 /* app.js */ = {isa = PBXFileReference; fileEncoding = 4; lastKnownFileType = sourcecode.javascript; path = app.js; sourceTree = "<group>"; };
		D2000002149A0B2B00000001 /* calendar.js */ = {isa = PBXFileReference; fileEncoding = 4; lastKnownFileType = sourcecode.javascript; path = calendar.js; sourceTree = "<group>"; };
		D2000003149A0B2B00000001 /* db.js */ = {isa = PBXFileReference; fileEncoding = 4; lastKnownFileType = sourcecode.javascript; path = db.js; sourceTree = "<group>"; };
		D2000004149A0B2B00000001 /* notify.js */ = {isa = PBXFileReference; fileEncoding = 4; lastKnownFileType = sourcecode.javascript; path = notify.js; sourceTree = "<group>"; };
		D2000005149A0B2B00000001 /* utils.js */ = {isa = PBXFileReference; fileEncoding = 4; lastKnownFileType = sourcecode.javascript; path = utils.js; sourceTree = "<group>"; };
		D2000006149A0B2B00000001 /* bundle.js */ = {isa = PBXFileReference; fileEncoding = 4; lastKnownFileType = sourcecode.javascript; path = bundle.js; sourceTree = "<group>"; };
		E2000001149A0B2B00000001 /* standalone.html */ = {isa = PBXFileReference; fileEncoding = 4; lastKnownFileType = text.html; path = standalone.html; sourceTree = "<group>"; };
/* End PBXFileReference section */

/* Begin PBXFrameworksBuildPhase section */
		B2000002149A0B2B00000001 /* Frameworks */ = {
			isa = PBXFrameworksBuildPhase;
			buildActionMask = 2147483647;
			files = (
			);
			runOnlyForDeploymentPostprocessing = 0;
		};
/* End PBXFrameworksBuildPhase section */

/* Begin PBXGroup section */
		D9000001149A0B2B00000001 /* js */ = {
			isa = PBXGroup;
			children = (
				D2000006149A0B2B00000001 /* bundle.js */,
				D2000001149A0B2B00000001 /* app.js */,
				D2000005149A0B2B00000001 /* utils.js */,
				D2000003149A0B2B00000001 /* db.js */,
				D2000002149A0B2B00000001 /* calendar.js */,
				D2000004149A0B2B00000001 /* notify.js */,
			);
			path = js;
			sourceTree = "<group>";
		};
		B9000003149A0B2B00000001 /* MemodayApp */ = {
			isa = PBXGroup;
			children = (
				B4000001149A0B2B00000001 /* AppDelegate.swift */,
				B4500001149A0B2B00000001 /* Info.plist */,
				B5000001149A0B2B00000002 /* Assets.xcassets */,
				E2000001149A0B2B00000001 /* standalone.html */,
				B6000001149A0B2B00000001 /* index.html */,
				B7000001149A0B2B00000001 /* style.css */,
				B8000001149A0B2B00000001 /* sw.js */,
				D9000001149A0B2B00000001 /* js */,
			);
			path = MemodayApp;
			sourceTree = "<group>";
		};
		BA000003149A0B2B00000001 = {
			isa = PBXGroup;
			children = (
				B9000003149A0B2B00000001 /* MemodayApp */,
				B1000001149A0B2B00000001 /* Memoday.app */,
			);
			name = "";
			sourceTree = "<group>";
		};
/* End PBXGroup section */

/* Begin PBXNativeTarget section */
		BC000001149A0B2B00000001 /* Memoday */ = {
			isa = PBXNativeTarget;
			buildConfigurationList = BD000002149A0B2B00000001 /* Build configuration list for PBXNativeTarget "Memoday" */;
			buildPhases = (
				BE000002149A0B2B00000001 /* Sources */,
				B2000002149A0B2B00000001 /* Frameworks */,
				BF000002149A0B2B00000001 /* Resources */,
			);
			buildRules = (
			);
			dependencies = (
			);
			name = Memoday;
			productName = Memoday;
			productReference = B1000001149A0B2B00000001 /* Memoday.app */;
			productType = "com.apple.product-type.application";
		};
/* End PBXNativeTarget section */

/* Begin PBXProject section */
		C0000001149A0B2B00000001 /* Project object */ = {
			isa = PBXProject;
			attributes = {
				BuildIndependentTargetsInParallel = 1;
				LastSwiftUpdateCheck = 1540;
				LastUpgradeCheck = 1540;
				TargetAttributes = {
					BC000001149A0B2B00000001 = {
						CreatedOnToolsVersion = 15.4;
					};
				};
			};
			buildConfigurationList = C1000001149A0B2B00000002 /* Build configuration list for PBXProject "Memoday" */;
			compatibilityVersion = "Xcode 14.0";
			developmentRegion = en;
			hasScannedForEncodings = 0;
			knownRegions = (
				en,
				Base,
				"zh-Hans",
			);
			mainGroup = BA000003149A0B2B00000001;
			productRefGroup = C2000005149A0B2B00000001 /* Products */;
			projectDirPath = "";
			projectRoot = "";
			targets = (
				BC000001149A0B2B00000001 /* Memoday */,
			);
		};
/* End PBXProject section */

/* Begin PBXResourcesBuildPhase section */
		BF000002149A0B2B00000001 /* Resources */ = {
			isa = PBXResourcesBuildPhase;
			buildActionMask = 2147483647;
			files = (
				B3000001149A0B2B00000002 /* Assets.xcassets in Resources */,
				E1000001149A0B2B00000001 /* standalone.html in Resources */,
				B3000001149A0B2B00000003 /* index.html in Resources */,
				B3000001149A0B2B00000004 /* style.css in Resources */,
				B3000001149A0B2B00000005 /* sw.js in Resources */,
				D1000001149A0B2B00000001 /* app.js in Resources */,
				D1000005149A0B2B00000001 /* utils.js in Resources */,
				D1000003149A0B2B00000001 /* db.js in Resources */,
				D1000002149A0B2B00000001 /* calendar.js in Resources */,
				D1000004149A0B2B00000001 /* notify.js in Resources */,
				D1000006149A0B2B00000001 /* bundle.js in Resources */,
			);
			runOnlyForDeploymentPostprocessing = 0;
		};
/* End PBXResourcesBuildPhase section */

/* Begin PBXSourcesBuildPhase section */
		BE000002149A0B2B00000001 /* Sources */ = {
			isa = PBXSourcesBuildPhase;
			buildActionMask = 2147483647;
			files = (
				B3000001149A0B2B00000001 /* AppDelegate.swift in Sources */,
			);
			runOnlyForDeploymentPostprocessing = 0;
		};
/* End PBXSourcesBuildPhase section */

/* Begin XCBuildConfiguration section */
		C3000001149A0B2B00000001 /* Debug */ = {
			isa = XCBuildConfiguration;
			buildSettings = {
				ALWAYS_SEARCH_USER_PATHS = NO;
				ASSETCATALOG_COMPILER_GENERATE_SWIFT_ASSET_SYMBOL_EXTENSIONS = YES;
				CLANG_ANALYZER_NONNULL = YES;
				CLANG_CXX_LANGUAGE_STANDARD = "gnu++20";
				CLANG_ENABLE_MODULES = YES;
				CLANG_ENABLE_OBJC_ARC = YES;
				CLANG_ENABLE_OBJC_WEAK = YES;
				CLANG_WARN_BLOCK_CAPTURE_AUTORELEASING = YES;
				CLANG_WARN_BOOL_CONVERSION = YES;
				CLANG_WARN_COMMA = YES;
				CLANG_WARN_CONSTANT_CONVERSION = YES;
				CLANG_WARN_DEPRECATED_OBJC_IMPLEMENTATIONS = YES;
				CLANG_WARN_DIRECT_OBJC_ISA_USAGE = YES_ERROR;
				CLANG_WARN_DOCUMENTATION_COMMENTS = YES;
				CLANG_WARN_EMPTY_BODY = YES;
				CLANG_WARN_ENUM_CONVERSION = YES;
				CLANG_WARN_INFINITE_RECURSION = YES;
				CLANG_WARN_INT_CONVERSION = YES;
				CLANG_WARN_NON_LITERAL_NULL_CONVERSION = YES;
				CLANG_WARN_OBJC_IMPLICIT_RETAIN_SELF = YES;
				CLANG_WARN_OBJC_LITERAL_CONVERSION = YES;
				CLANG_WARN_OBJC_ROOT_CLASS = YES_ERROR;
				CLANG_WARN_QUOTED_INCLUDE_IN_FRAMEWORK_HEADER = YES;
				CLANG_WARN_RANGE_LOOP_ANALYSIS = YES;
				CLANG_WARN_STRICT_PROTOTYPES = YES;
				CLANG_WARN_SUSPICIOUS_MOVE = YES;
				CLANG_WARN_UNGUARDED_AVAILABILITY = YES_AGGRESSIVE;
				CLANG_WARN_UNREACHABLE_CODE = YES;
				CLANG_WARN__DUPLICATE_METHOD_MATCH = YES;
				COPY_PHASE_STRIP = NO;
				DEBUG_INFORMATION_FORMAT = dwarf;
				ENABLE_STRICT_MSGSEND = YES;
				ENABLE_TESTABILITY = YES;
				GCC_C_LANGUAGE_STANDARD = gnu17;
				GCC_DYNAMIC_NO_PIC = NO;
				GCC_NO_COMMON_BLOCKS = YES;
				GCC_OPTIMIZATION_LEVEL = 0;
				GCC_PREPROCESSOR_DEFINITIONS = (
					"DEBUG=1",
					"$(inherited)",
				);
				GCC_WARN_64_TO_32_BIT_CONVERSION = YES;
				GCC_WARN_ABOUT_RETURN_TYPE = YES_ERROR;
				GCC_WARN_UNDECLARED_SELECTOR = YES;
				GCC_WARN_UNINITIALIZED_AUTOS = YES_AGGRESSIVE;
				GCC_WARN_UNUSED_FUNCTION = YES;
				GCC_WARN_UNUSED_VARIABLE = YES;
				IPHONEOS_DEPLOYMENT_TARGET = 14.0;
				MTL_ENABLE_DEBUG_INFO = INCLUDE_SOURCE;
				MTL_FAST_MATH = YES;
				ONLY_ACTIVE_ARCH = YES;
				SDKROOT = iphoneos;
				SWIFT_ACTIVE_COMPILATION_CONDITIONS = DEBUG;
				SWIFT_OPTIMIZATION_LEVEL = "-Onone";
			};
			name = Debug;
		};
		C4000001149A0B2B00000001 /* Release */ = {
			isa = XCBuildConfiguration;
			buildSettings = {
				ALWAYS_SEARCH_USER_PATHS = NO;
				ASSETCATALOG_COMPILER_GENERATE_SWIFT_ASSET_SYMBOL_EXTENSIONS = YES;
				CLANG_ANALYZER_NONNULL = YES;
				CLANG_CXX_LANGUAGE_STANDARD = "gnu++20";
				CLANG_ENABLE_MODULES = YES;
				CLANG_ENABLE_OBJC_ARC = YES;
				CLANG_ENABLE_OBJC_WEAK = YES;
				CLANG_WARN_BLOCK_CAPTURE_AUTORELEASING = YES;
				CLANG_WARN_BOOL_CONVERSION = YES;
				CLANG_WARN_COMMA = YES;
				CLANG_WARN_CONSTANT_CONVERSION = YES;
				CLANG_WARN_DEPRECATED_OBJC_IMPLEMENTATIONS = YES;
				CLANG_WARN_DIRECT_OBJC_ISA_USAGE = YES_ERROR;
				CLANG_WARN_DOCUMENTATION_COMMENTS = YES;
				CLANG_WARN_EMPTY_BODY = YES;
				CLANG_WARN_ENUM_CONVERSION = YES;
				CLANG_WARN_INFINITE_RECURSION = YES;
				CLANG_WARN_INT_CONVERSION = YES;
				CLANG_WARN_NON_LITERAL_NULL_CONVERSION = YES;
				CLANG_WARN_OBJC_IMPLICIT_RETAIN_SELF = YES;
				CLANG_WARN_OBJC_LITERAL_CONVERSION = YES;
				CLANG_WARN_OBJC_ROOT_CLASS = YES_ERROR;
				CLANG_WARN_QUOTED_INCLUDE_IN_FRAMEWORK_HEADER = YES;
				CLANG_WARN_RANGE_LOOP_ANALYSIS = YES;
				CLANG_WARN_STRICT_PROTOTYPES = YES;
				CLANG_WARN_SUSPICIOUS_MOVE = YES;
				CLANG_WARN_UNGUARDED_AVAILABILITY = YES_AGGRESSIVE;
				CLANG_WARN_UNREACHABLE_CODE = YES;
				CLANG_WARN__DUPLICATE_METHOD_MATCH = YES;
				COPY_PHASE_STRIP = NO;
				DEBUG_INFORMATION_FORMAT = "dwarf-with-dsym";
				ENABLE_NS_ASSERTIONS = NO;
				ENABLE_STRICT_MSGSEND = YES;
				GCC_C_LANGUAGE_STANDARD = gnu17;
				GCC_NO_COMMON_BLOCKS = YES;
				GCC_WARN_64_TO_32_BIT_CONVERSION = YES;
				GCC_WARN_ABOUT_RETURN_TYPE = YES_ERROR;
				GCC_WARN_UNDECLARED_SELECTOR = YES;
				GCC_WARN_UNINITIALIZED_AUTOS = YES_AGGRESSIVE;
				GCC_WARN_UNUSED_FUNCTION = YES;
				GCC_WARN_UNUSED_VARIABLE = YES;
				IPHONEOS_DEPLOYMENT_TARGET = 14.0;
				MTL_FAST_MATH = YES;
				SDKROOT = iphoneos;
				SWIFT_COMPILATION_MODE = wholemodule;
				SWIFT_OPTIMIZATION_LEVEL = "-O";
				VALIDATE_PRODUCT = YES;
			};
			name = Release;
		};
		C5000001149A0B2B00000001 /* Debug */ = {
			isa = XCBuildConfiguration;
			buildSettings = {
				ASSETCATALOG_COMPILER_APPICON_NAME = AppIcon;
				CODE_SIGN_IDENTITY = "";
				CODE_SIGNING_ALLOWED = NO;
				CODE_SIGNING_REQUIRED = NO;
				ENABLE_BITCODE = NO;
				INFOPLIST_FILE = MemodayApp/Info.plist;
				LD_RUNPATH_SEARCH_PATHS = (
					"$(inherited)",
					"@executable_path/Frameworks",
				);
				PRODUCT_BUNDLE_IDENTIFIER = com.memoday.app;
				PRODUCT_NAME = "$(TARGET_NAME)";
				SWIFT_VERSION = 5.0;
				TARGETED_DEVICE_FAMILY = "1,2";
			};
			name = Debug;
		};
		C6000001149A0B2B00000001 /* Release */ = {
			isa = XCBuildConfiguration;
			buildSettings = {
				ASSETCATALOG_COMPILER_APPICON_NAME = AppIcon;
				CODE_SIGN_IDENTITY = "";
				CODE_SIGNING_ALLOWED = NO;
				CODE_SIGNING_REQUIRED = NO;
				ENABLE_BITCODE = NO;
				INFOPLIST_FILE = MemodayApp/Info.plist;
				LD_RUNPATH_SEARCH_PATHS = (
					"$(inherited)",
					"@executable_path/Frameworks",
				);
				PRODUCT_BUNDLE_IDENTIFIER = com.memoday.app;
				PRODUCT_NAME = "$(TARGET_NAME)";
				SWIFT_VERSION = 5.0;
				TARGETED_DEVICE_FAMILY = "1,2";
			};
			name = Release;
		};
/* End XCBuildConfiguration section */

/* Begin XCConfigurationList section */
		BD000002149A0B2B00000001 /* Build configuration list for PBXNativeTarget "Memoday" */ = {
			isa = XCConfigurationList;
			buildConfigurations = (
				C5000001149A0B2B00000001 /* Debug */,
				C6000001149A0B2B00000001 /* Release */,
			);
			defaultConfigurationIsVisible = 0;
			defaultConfigurationName = Release;
		};
		C1000001149A0B2B00000002 /* Build configuration list for PBXProject "Memoday" */ = {
			isa = XCConfigurationList;
			buildConfigurations = (
				C3000001149A0B2B00000001 /* Debug */,
				C4000001149A0B2B00000001 /* Release */,
			);
			defaultConfigurationIsVisible = 0;
			defaultConfigurationName = Release;
		};
/* End XCConfigurationList section */
	};
	rootObject = C0000001149A0B2B00000001 /* Project object */;
}
